{
  "requires": true,
  "lockfileVersion": 1,
  "dependencies": {
    "angular-disable-backspace-navigation": {
      "version": "1.0.1",
      "resolved": "https://registry.npmjs.org/angular-disable-backspace-navigation/-/angular-disable-backspace-navigation-1.0.1.tgz",
      "integrity": "sha1-igBUBO/SI2n2EYhZY4k43zrqQMg="
    },
    "primeicons": {
      "version": "1.0.0",
      "resolved": "https://registry.npmjs.org/primeicons/-/primeicons-1.0.0.tgz",
      "integrity": "sha512-p/hzIjUVccW4eJPhuORHI3AUkDpqfvCQVrjxbFEejnTEdWY4C8fomVfjiaA9jCu83fSQnBHuRIGB96iAR8R6uA=="
    },
    "primeng": {
      "version": "7.0.5",
      "resolved": "https://registry.npmjs.org/primeng/-/primeng-7.0.5.tgz",
      "integrity": "sha512-CVc6XxMZEsuCKXkyLUI/bRKX+spSBnEwqOFnAeXfSjIq0Uok51Dnrn8yNHyAWU2YRx93h7NWgxBtSXWVddEwqg=="
    }
  }
}
